# THIS IS AN AUTOGENERATED FILE. DO NOT EDIT THIS FILE DIRECTLY.
# yarn lockfile v1


"@bower_components/angular-animate@angular/bower-angular-animate#1.6.6":
  version "1.6.6"
  resolved "https://codeload.github.com/angular/bower-angular-animate/tar.gz/c776891d55ab19592833bb51b31c08b054edda25"

"@bower_components/angular-aria@angular/bower-angular-aria#1.6.6":
  version "1.6.6"
  resolved "https://codeload.github.com/angular/bower-angular-aria/tar.gz/0f0b36dd676e685650a5e2a342288c2578ecda04"

"@bower_components/angular-cookies@angular/bower-angular-cookies#1.6.6":
  version "1.6.6"
  resolved "https://codeload.github.com/angular/bower-angular-cookies/tar.gz/bfbea8fdf620274e616c93b8ad5096c5342768e3"

"@bower_components/angular-loader@angular/bower-angular-loader#1.6.6":
  version "1.6.6"
  resolved "https://codeload.github.com/angular/bower-angular-loader/tar.gz/7f52a875f93a5d0c168d7ca09972de9d1945e998"

"@bower_components/angular-local-storage@grevory/angular-local-storage#*":
  version "0.7.1"
  resolved "https://codeload.github.com/grevory/angular-local-storage/tar.gz/ed4ae04fb9eaa57dfe930115397b7e9dbf81342f"

"@bower_components/angular-messages@angular/bower-angular-messages#1.6.6":
  version "1.6.6"
  resolved "https://codeload.github.com/angular/bower-angular-messages/tar.gz/60132d225f2dc4a788963b1a78fa2e88e21cb178"

"@bower_components/angular-resource@angular/bower-angular-resource#1.6.6":
  version "1.6.6"
  resolved "https://codeload.github.com/angular/bower-angular-resource/tar.gz/dfe656121219734e6c39913deba7e2f60c3ad1e6"

"@bower_components/angular-route@angular/bower-angular-route#1.6.6":
  version "1.6.6"
  resolved "https://codeload.github.com/angular/bower-angular-route/tar.gz/c972e3222d290cc3ab738ba1f07b88f0c74c0e2c"

"@bower_components/angular-sanitize@angular/bower-angular-sanitize#1.6.6":
  version "1.6.6"
  resolved "https://codeload.github.com/angular/bower-angular-sanitize/tar.gz/27b6da5578b99482330c6c38c5039a517e777c47"

"@bower_components/angular-ui-router@angular-ui/angular-ui-router-bower#0.4.2":
  version "0.4.2"
  resolved "https://codeload.github.com/angular-ui/angular-ui-router-bower/tar.gz/ef5ce80fa6ec8a2c6a87cf1cf1c5809e1950af11"
  dependencies:
    angular "^1.0.8"

"@bower_components/angular@angular/bower-angular#1.6.6":
  version "1.6.6"
  resolved "https://codeload.github.com/angular/bower-angular/tar.gz/928fe478bd68d049ff9863dc51814eac24d33b9a"

"@bower_components/bootstrap-sass@twbs/bootstrap-sass#^3.3.7":
  version "3.3.7"
  resolved "https://codeload.github.com/twbs/bootstrap-sass/tar.gz/5d6b2ebba0c2a5885ce2f0e01e9218db3d3b5e47"

"@bower_components/jquery@jquery/jquery-dist#^3":
  version "3.3.1"
  resolved "https://codeload.github.com/jquery/jquery-dist/tar.gz/9e8ec3d10fad04748176144f108d7355662ae75e"

"@bower_components/offline@HubSpot/offline#^0.7":
  version "0.7.19"
  resolved "https://codeload.github.com/HubSpot/offline/tar.gz/a17291864212aab9ae9325c7ce5a2e0f541e96bf"

"@bower_components/underscore@jashkenas/underscore#*":
  version "1.9.1"
  resolved "https://codeload.github.com/jashkenas/underscore/tar.gz/ae037f7c41323807ae6f1533c45512e6d31a1574"

angular-mocks@angular/bower-angular-mocks#1.6.6:
  version "1.6.6"
  resolved "https://codeload.github.com/angular/bower-angular-mocks/tar.gz/3d216b4fc91649d3adc1e0509f47f75be2309e82"

angular@^1.0.8:
  version "1.7.4"
  resolved "https://registry.yarnpkg.com/angular/-/angular-1.7.4.tgz#c1bf4884c2d470c06907737a1bf0835a9f646f31"
